
Microsoft Visual Studio Solution File, Format Version 12.00
Project("{FAE04EC0-301F-11D3-BF4B-00C04F79EFBC}") = "ASPNETCORE.HttpClientDemo", "ASPNETCORE.HttpClientDemo\ASPNETCORE.HttpClientDemo.csproj", "{F67B259D-2AEF-46E6-839F-33D313AAA4B8}"
EndProject
Global
	GlobalSection(SolutionConfigurationPlatforms) = preSolution
		Debug|Any CPU = Debug|Any CPU
		Release|Any CPU = Release|Any CPU
	EndGlobalSection
	GlobalSection(ProjectConfigurationPlatforms) = postSolution
		{F67B259D-2AEF-46E6-839F-33D313AAA4B8}.Debug|Any CPU.ActiveCfg = Debug|Any CPU
		{F67B259D-2AEF-46E6-839F-33D313AAA4B8}.Debug|Any CPU.Build.0 = Debug|Any CPU
		{F67B259D-2AEF-46E6-839F-33D313AAA4B8}.Release|Any CPU.ActiveCfg = Release|Any CPU
		{F67B259D-2AEF-46E6-839F-33D313AAA4B8}.Release|Any CPU.Build.0 = Release|Any CPU
	EndGlobalSection
EndGlobal
